
Microsoft Visual Studio Solution File, Format Version 12.00
# Visual Studio 15
VisualStudioVersion = 15.0.28307.902
MinimumVisualStudioVersion = 10.0.40219.1
Project("{FAE04EC0-301F-11D3-BF4B-00C04F79EFBC}") = "Cocktail_World_2021", "Cocktail_World_2021\Cocktail_World_2021.csproj", "{86312DB9-A780-43B1-9945-FDCC604D79EC}"
EndProject
Global
	GlobalSection(SolutionConfigurationPlatforms) = preSolution
		Debug|Any CPU = Debug|Any CPU
		Release|Any CPU = Release|Any CPU
	EndGlobalSection
	GlobalSection(ProjectConfigurationPlatforms) = postSolution
		{86312DB9-A780-43B1-9945-FDCC604D79EC}.Debug|Any CPU.ActiveCfg = Debug|Any CPU
		{86312DB9-A780-43B1-9945-FDCC604D79EC}.Debug|Any CPU.Build.0 = Debug|Any CPU
		{86312DB9-A780-43B1-9945-FDCC604D79EC}.Release|Any CPU.ActiveCfg = Release|Any CPU
		{86312DB9-A780-43B1-9945-FDCC604D79EC}.Release|Any CPU.Build.0 = Release|Any CPU
	EndGlobalSection
	GlobalSection(SolutionProperties) = preSolution
		HideSolutionNode = FALSE
	EndGlobalSection
	GlobalSection(ExtensibilityGlobals) = postSolution
		SolutionGuid = {82A39F2B-C10D-46BD-AAAD-33EFF411C7BB}
	EndGlobalSection
EndGlobal
